
Microsoft Visual Studio Solution File, Format Version 12.00
# Visual Studio 14
VisualStudioVersion = 14.0.24720.0
MinimumVisualStudioVersion = 10.0.40219.1
Project("{FAE04EC0-301F-11D3-BF4B-00C04F79EFBC}") = "Task1", "Task1\Task1.csproj", "{E123B75B-C8D0-4301-98CA-16C720BF9DF7}"
EndProject
Project("{FAE04EC0-301F-11D3-BF4B-00C04F79EFBC}") = "Task2", "Task2\Task2.csproj", "{6AB584D4-E24A-41F5-AF88-81F8BCAF58ED}"
EndProject
Project("{FAE04EC0-301F-11D3-BF4B-00C04F79EFBC}") = "Task3", "Task3\Task3.csproj", "{844769E3-1DD0-4D32-9041-A0B3F395073A}"
EndProject
Global
	GlobalSection(SolutionConfigurationPlatforms) = preSolution
		Debug|Any CPU = Debug|Any CPU
		Release|Any CPU = Release|Any CPU
	EndGlobalSection
	GlobalSection(ProjectConfigurationPlatforms) = postSolution
		{E123B75B-C8D0-4301-98CA-16C720BF9DF7}.Debug|Any CPU.ActiveCfg = Debug|Any CPU
		{E123B75B-C8D0-4301-98CA-16C720BF9DF7}.Debug|Any CPU.Build.0 = Debug|Any CPU
		{E123B75B-C8D0-4301-98CA-16C720BF9DF7}.Release|Any CPU.ActiveCfg = Release|Any CPU
		{E123B75B-C8D0-4301-98CA-16C720BF9DF7}.Release|Any CPU.Build.0 = Release|Any CPU
		{6AB584D4-E24A-41F5-AF88-81F8BCAF58ED}.Debug|Any CPU.ActiveCfg = Debug|Any CPU
		{6AB584D4-E24A-41F5-AF88-81F8BCAF58ED}.Debug|Any CPU.Build.0 = Debug|Any CPU
		{6AB584D4-E24A-41F5-AF88-81F8BCAF58ED}.Release|Any CPU.ActiveCfg = Release|Any CPU
		{6AB584D4-E24A-41F5-AF88-81F8BCAF58ED}.Release|Any CPU.Build.0 = Release|Any CPU
		{844769E3-1DD0-4D32-9041-A0B3F395073A}.Debug|Any CPU.ActiveCfg = Debug|Any CPU
		{844769E3-1DD0-4D32-9041-A0B3F395073A}.Debug|Any CPU.Build.0 = Debug|Any CPU
		{844769E3-1DD0-4D32-9041-A0B3F395073A}.Release|Any CPU.ActiveCfg = Release|Any CPU
		{844769E3-1DD0-4D32-9041-A0B3F395073A}.Release|Any CPU.Build.0 = Release|Any CPU
	EndGlobalSection
	GlobalSection(SolutionProperties) = preSolution
		HideSolutionNode = FALSE
	EndGlobalSection
EndGlobal
